// !$*UTF8*$!
{
	archiveVersion = 1;
	classes = {
	};
	objectVersion = 48;
	objects = {

/* Begin PBXBuildFile section */
		87382CF9209DD81B00507DED /* AppDelegate.m in Sources */ = {isa = PBXBuildFile; fileRef = 87382CF8209DD81B00507DED /* AppDelegate.m */; };
		87382D01209DD81B00507DED /* Assets.xcassets in Resources */ = {isa = PBXBuildFile; fileRef = 87382D00209DD81B00507DED /* Assets.xcassets */; };
		87382D07209DD81B00507DED /* main.m in Sources */ = {isa = PBXBuildFile; fileRef = 87382D06209DD81B00507DED /* main.m */; };
		87382D10209DD9E400507DED /* SearchViewController.m in Sources */ = {isa = PBXBuildFile; fileRef = 87382D0E209DD9E400507DED /* SearchViewController.m */; };
		87382D11209DD9E400507DED /* SearchViewController.xib in Resources */ = {isa = PBXBuildFile; fileRef = 87382D0F209DD9E400507DED /* SearchViewController.xib */; };
		87382D15209DDAFF00507DED /* SearchResultCell.m in Sources */ = {isa = PBXBuildFile; fileRef = 87382D13209DDAFF00507DED /* SearchResultCell.m */; };
		87382D16209DDAFF00507DED /* SearchResultCell.xib in Resources */ = {isa = PBXBuildFile; fileRef = 87382D14209DDAFF00507DED /* SearchResultCell.xib */; };
		87382D19209DE2B200507DED /* Searcher.m in Sources */ = {isa = PBXBuildFile; fileRef = 87382D18209DE2B200507DED /* Searcher.m */; };
		87382D1B209F4C4D00507DED /* Main.storyboard in Resources */ = {isa = PBXBuildFile; fileRef = 87382D1A209F4C4D00507DED /* Main.storyboard */; };
/* End PBXBuildFile section */

/* Begin PBXFileReference section */
		87382CF4209DD81B00507DED /* TestAppForIntech.app */ = {isa = PBXFileReference; explicitFileType = wrapper.application; includeInIndex = 0; path = TestAppForIntech.app; sourceTree = BUILT_PRODUCTS_DIR; };
		87382CF7209DD81B00507DED /* AppDelegate.h */ = {isa = PBXFileReference; lastKnownFileType = sourcecode.c.h; path = AppDelegate.h; sourceTree = "<group>"; };
		87382CF8209DD81B00507DED /* AppDelegate.m */ = {isa = PBXFileReference; lastKnownFileType = sourcecode.c.objc; path = AppDelegate.m; sourceTree = "<group>"; };
		87382D00209DD81B00507DED /* Assets.xcassets */ = {isa = PBXFileReference; lastKnownFileType = folder.assetcatalog; path = Assets.xcassets; sourceTree = "<group>"; };
		87382D05209DD81B00507DED /* Info.plist */ = {isa = PBXFileReference; lastKnownFileType = text.plist.xml; path = Info.plist; sourceTree = "<group>"; };
		87382D06209DD81B00507DED /* main.m */ = {isa = PBXFileReference; lastKnownFileType = sourcecode.c.objc; path = main.m; sourceTree = "<group>"; };
		87382D0D209DD9E400507DED /* SearchViewController.h */ = {isa = PBXFileReference; lastKnownFileType = sourcecode.c.h; path = SearchViewController.h; sourceTree = "<group>"; };
		87382D0E209DD9E400507DED /* SearchViewController.m */ = {isa = PBXFileReference; lastKnownFileType = sourcecode.c.objc; path = SearchViewController.m; sourceTree = "<group>"; };
		87382D0F209DD9E400507DED /* SearchViewController.xib */ = {isa = PBXFileReference; lastKnownFileType = file.xib; path = SearchViewController.xib; sourceTree = "<group>"; };
		87382D12209DDAFF00507DED /* SearchResultCell.h */ = {isa = PBXFileReference; lastKnownFileType = sourcecode.c.h; path = SearchResultCell.h; sourceTree = "<group>"; };
		87382D13209DDAFF00507DED /* SearchResultCell.m */ = {isa = PBXFileReference; lastKnownFileType = sourcecode.c.objc; path = SearchResultCell.m; sourceTree = "<group>"; };
		87382D14209DDAFF00507DED /* SearchResultCell.xib */ = {isa = PBXFileReference; lastKnownFileType = file.xib; path = SearchResultCell.xib; sourceTree = "<group>"; };
		87382D17209DE2B200507DED /* Searcher.h */ = {isa = PBXFileReference; lastKnownFileType = sourcecode.c.h; path = Searcher.h; sourceTree = "<group>"; };
		87382D18209DE2B200507DED /* Searcher.m */ = {isa = PBXFileReference; lastKnownFileType = sourcecode.c.objc; path = Searcher.m; sourceTree = "<group>"; };
		87382D1A209F4C4D00507DED /* Main.storyboard */ = {isa = PBXFileReference; lastKnownFileType = file.storyboard; path = Main.storyboard; sourceTree = "<group>"; };
/* End PBXFileReference section */

/* Begin PBXFrameworksBuildPhase section */
		87382CF1209DD81B00507DED /* Frameworks */ = {
			isa = PBXFrameworksBuildPhase;
			buildActionMask = 2147483647;
			files = (
			);
			runOnlyForDeploymentPostprocessing = 0;
		};
/* End PBXFrameworksBuildPhase section */

/* Begin PBXGroup section */
		87382CEB209DD81B00507DED = {
			isa = PBXGroup;
			children = (
				87382CF6209DD81B00507DED /* TestAppForIntech */,
				87382CF5209DD81B00507DED /* Products */,
			);
			sourceTree = "<group>";
		};
		87382CF5209DD81B00507DED /* Products */ = {
			isa = PBXGroup;
			children = (
				87382CF4209DD81B00507DED /* TestAppForIntech.app */,
			);
			name = Products;
			sourceTree = "<group>";
		};
		87382CF6209DD81B00507DED /* TestAppForIntech */ = {
			isa = PBXGroup;
			children = (
				87382CF7209DD81B00507DED /* AppDelegate.h */,
				87382CF8209DD81B00507DED /* AppDelegate.m */,
				87382D0D209DD9E400507DED /* SearchViewController.h */,
				87382D0E209DD9E400507DED /* SearchViewController.m */,
				87382D0F209DD9E400507DED /* SearchViewController.xib */,
				87382D12209DDAFF00507DED /* SearchResultCell.h */,
				87382D13209DDAFF00507DED /* SearchResultCell.m */,
				87382D14209DDAFF00507DED /* SearchResultCell.xib */,
				87382D17209DE2B200507DED /* Searcher.h */,
				87382D18209DE2B200507DED /* Searcher.m */,
				87382D00209DD81B00507DED /* Assets.xcassets */,
				87382D1A209F4C4D00507DED /* Main.storyboard */,
				87382D05209DD81B00507DED /* Info.plist */,
				87382D06209DD81B00507DED /* main.m */,
			);
			path = TestAppForIntech;
			sourceTree = "<group>";
		};
/* End PBXGroup section */

/* Begin PBXNativeTarget section */
		87382CF3209DD81B00507DED /* TestAppForIntech */ = {
			isa = PBXNativeTarget;
			buildConfigurationList = 87382D0A209DD81B00507DED /* Build configuration list for PBXNativeTarget "TestAppForIntech" */;
			buildPhases = (
				87382CF0209DD81B00507DED /* Sources */,
				87382CF1209DD81B00507DED /* Frameworks */,
				87382CF2209DD81B00507DED /* Resources */,
			);
			buildRules = (
			);
			dependencies = (
			);
			name = TestAppForIntech;
			productName = TestAppForIntech;
			productReference = 87382CF4209DD81B00507DED /* TestAppForIntech.app */;
			productType = "com.apple.product-type.application";
		};
/* End PBXNativeTarget section */

/* Begin PBXProject section */
		87382CEC209DD81B00507DED /* Project object */ = {
			isa = PBXProject;
			attributes = {
				LastUpgradeCheck = 0920;
				ORGANIZATIONNAME = "Aleksandr Karpeev";
				TargetAttributes = {
					87382CF3209DD81B00507DED = {
						CreatedOnToolsVersion = 9.2;
						ProvisioningStyle = Automatic;
					};
				};
			};
			buildConfigurationList = 87382CEF209DD81B00507DED /* Build configuration list for PBXProject "TestAppForIntech" */;
			compatibilityVersion = "Xcode 8.0";
			developmentRegion = en;
			hasScannedForEncodings = 0;
			knownRegions = (
				en,
				Base,
			);
			mainGroup = 87382CEB209DD81B00507DED;
			productRefGroup = 87382CF5209DD81B00507DED /* Products */;
			projectDirPath = "";
			projectRoot = "";
			targets = (
				87382CF3209DD81B00507DED /* TestAppForIntech */,
			);
		};
/* End PBXProject section */

/* Begin PBXResourcesBuildPhase section */
		87382CF2209DD81B00507DED /* Resources */ = {
			isa = PBXResourcesBuildPhase;
			buildActionMask = 2147483647;
			files = (
				87382D16209DDAFF00507DED /* SearchResultCell.xib in Resources */,
				87382D01209DD81B00507DED /* Assets.xcassets in Resources */,
				87382D11209DD9E400507DED /* SearchViewController.xib in Resources */,
				87382D1B209F4C4D00507DED /* Main.storyboard in Resources */,
			);
			runOnlyForDeploymentPostprocessing = 0;
		};
/* End PBXResourcesBuildPhase section */

/* Begin PBXSourcesBuildPhase section */
		87382CF0209DD81B00507DED /* Sources */ = {
			isa = PBXSourcesBuildPhase;
			buildActionMask = 2147483647;
			files = (
				87382D07209DD81B00507DED /* main.m in Sources */,
				87382D19209DE2B200507DED /* Searcher.m in Sources */,
				87382D15209DDAFF00507DED /* SearchResultCell.m in Sources */,
				87382D10209DD9E400507DED /* SearchViewController.m in Sources */,
				87382CF9209DD81B00507DED /* AppDelegate.m in Sources */,
			);
			runOnlyForDeploymentPostprocessing = 0;
		};
/* End PBXSourcesBuildPhase section */

/* Begin XCBuildConfiguration section */
		87382D08209DD81B00507DED /* Debug */ = {
			isa = XCBuildConfiguration;
			buildSettings = {
				ALWAYS_SEARCH_USER_PATHS = NO;
				CLANG_ANALYZER_NONNULL = YES;
				CLANG_ANALYZER_NUMBER_OBJECT_CONVERSION = YES_AGGRESSIVE;
				CLANG_CXX_LANGUAGE_STANDARD = "gnu++14";
				CLANG_CXX_LIBRARY = "libc++";
				CLANG_ENABLE_MODULES = YES;
				CLANG_ENABLE_OBJC_ARC = YES;
				CLANG_WARN_BLOCK_CAPTURE_AUTORELEASING = YES;
				CLANG_WARN_BOOL_CONVERSION = YES;
				CLANG_WARN_COMMA = YES;
				CLANG_WARN_CONSTANT_CONVERSION = YES;
				CLANG_WARN_DIRECT_OBJC_ISA_USAGE = YES_ERROR;
				CLANG_WARN_DOCUMENTATION_COMMENTS = YES;
				CLANG_WARN_EMPTY_BODY = YES;
				CLANG_WARN_ENUM_CONVERSION = YES;
				CLANG_WARN_INFINITE_RECURSION = YES;
				CLANG_WARN_INT_CONVERSION = YES;
				CLANG_WARN_NON_LITERAL_NULL_CONVERSION = YES;
				CLANG_WARN_OBJC_LITERAL_CONVERSION = YES;
				CLANG_WARN_OBJC_ROOT_CLASS = YES_ERROR;
				CLANG_WARN_RANGE_LOOP_ANALYSIS = YES;
				CLANG_WARN_STRICT_PROTOTYPES = YES;
				CLANG_WARN_SUSPICIOUS_MOVE = YES;
				CLANG_WARN_UNGUARDED_AVAILABILITY = YES_AGGRESSIVE;
				CLANG_WARN_UNREACHABLE_CODE = YES;
				CLANG_WARN__DUPLICATE_METHOD_MATCH = YES;
				CODE_SIGN_IDENTITY = "iPhone Developer";
				COPY_PHASE_STRIP = NO;
				DEBUG_INFORMATION_FORMAT = dwarf;
				ENABLE_STRICT_OBJC_MSGSEND = YES;
				ENABLE_TESTABILITY = YES;
				GCC_C_LANGUAGE_STANDARD = gnu11;
				GCC_DYNAMIC_NO_PIC = NO;
				GCC_NO_COMMON_BLOCKS = YES;
				GCC_OPTIMIZATION_LEVEL = 0;
				GCC_PREPROCESSOR_DEFINITIONS = (
					"DEBUG=1",
					"$(inherited)",
				);
				GCC_WARN_64_TO_32_BIT_CONVERSION = YES;
				GCC_WARN_ABOUT_RETURN_TYPE = YES_ERROR;
				GCC_WARN_UNDECLARED_SELECTOR = YES;
				GCC_WARN_UNINITIALIZED_AUTOS = YES_AGGRESSIVE;
				GCC_WARN_UNUSED_FUNCTION = YES;
				GCC_WARN_UNUSED_VARIABLE = YES;
				IPHONEOS_DEPLOYMENT_TARGET = 11.2;
				MTL_ENABLE_DEBUG_INFO = YES;
				ONLY_ACTIVE_ARCH = YES;
				SDKROOT = iphoneos;
			};
			name = Debug;
		};
		87382D09209DD81B00507DED /* Release */ = {
			isa = XCBuildConfiguration;
			buildSettings = {
				ALWAYS_SEARCH_USER_PATHS = NO;
				CLANG_ANALYZER_NONNULL = YES;
				CLANG_ANALYZER_NUMBER_OBJECT_CONVERSION = YES_AGGRESSIVE;
				CLANG_CXX_LANGUAGE_STANDARD = "gnu++14";
				CLANG_CXX_LIBRARY = "libc++";
				CLANG_ENABLE_MODULES = YES;
				CLANG_ENABLE_OBJC_ARC = YES;
				CLANG_WARN_BLOCK_CAPTURE_AUTORELEASING = YES;
				CLANG_WARN_BOOL_CONVERSION = YES;
				CLANG_WARN_COMMA = YES;
				CLANG_WARN_CONSTANT_CONVERSION = YES;
				CLANG_WARN_DIRECT_OBJC_ISA_USAGE = YES_ERROR;
				CLANG_WARN_DOCUMENTATION_COMMENTS = YES;
				CLANG_WARN_EMPTY_BODY = YES;
				CLANG_WARN_ENUM_CONVERSION = YES;
				CLANG_WARN_INFINITE_RECURSION = YES;
				CLANG_WARN_INT_CONVERSION = YES;
				CLANG_WARN_NON_LITERAL_NULL_CONVERSION = YES;
				CLANG_WARN_OBJC_LITERAL_CONVERSION = YES;
				CLANG_WARN_OBJC_ROOT_CLASS = YES_ERROR;
				CLANG_WARN_RANGE_LOOP_ANALYSIS = YES;
				CLANG_WARN_STRICT_PROTOTYPES = YES;
				CLANG_WARN_SUSPICIOUS_MOVE = YES;
				CLANG_WARN_UNGUARDED_AVAILABILITY = YES_AGGRESSIVE;
				CLANG_WARN_UNREACHABLE_CODE = YES;
				CLANG_WARN__DUPLICATE_METHOD_MATCH = YES;
				CODE_SIGN_IDENTITY = "iPhone Developer";
				COPY_PHASE_STRIP = NO;
				DEBUG_INFORMATION_FORMAT = "dwarf-with-dsym";
				ENABLE_NS_ASSERTIONS = NO;
				ENABLE_STRICT_OBJC_MSGSEND = YES;
				GCC_C_LANGUAGE_STANDARD = gnu11;
				GCC_NO_COMMON_BLOCKS = YES;
				GCC_WARN_64_TO_32_BIT_CONVERSION = YES;
				GCC_WARN_ABOUT_RETURN_TYPE = YES_ERROR;
				GCC_WARN_UNDECLARED_SELECTOR = YES;
				GCC_WARN_UNINITIALIZED_AUTOS = YES_AGGRESSIVE;
				GCC_WARN_UNUSED_FUNCTION = YES;
				GCC_WARN_UNUSED_VARIABLE = YES;
				IPHONEOS_DEPLOYMENT_TARGET = 11.2;
				MTL_ENABLE_DEBUG_INFO = NO;
				SDKROOT = iphoneos;
				VALIDATE_PRODUCT = YES;
			};
			name = Release;
		};
		87382D0B209DD81B00507DED /* Debug */ = {
			isa = XCBuildConfiguration;
			buildSettings = {
				ASSETCATALOG_COMPILER_APPICON_NAME = AppIcon;
				CODE_SIGN_STYLE = Automatic;
				DEVELOPMENT_TEAM = GEQSNDXWC5;
				INFOPLIST_FILE = TestAppForIntech/Info.plist;
				LD_RUNPATH_SEARCH_PATHS = "$(inherited) @executable_path/Frameworks";
				PRODUCT_BUNDLE_IDENTIFIER = karpeev.alex.TestAppForIntech;
				PRODUCT_NAME = "$(TARGET_NAME)";
				TARGETED_DEVICE_FAMILY = "1,2";
			};
			name = Debug;
		};
		87382D0C209DD81B00507DED /* Release */ = {
			isa = XCBuildConfiguration;
			buildSettings = {
				ASSETCATALOG_COMPILER_APPICON_NAME = AppIcon;
				CODE_SIGN_STYLE = Automatic;
				DEVELOPMENT_TEAM = GEQSNDXWC5;
				INFOPLIST_FILE = TestAppForIntech/Info.plist;
				LD_RUNPATH_SEARCH_PATHS = "$(inherited) @executable_path/Frameworks";
				PRODUCT_BUNDLE_IDENTIFIER = karpeev.alex.TestAppForIntech;
				PRODUCT_NAME = "$(TARGET_NAME)";
				TARGETED_DEVICE_FAMILY = "1,2";
			};
			name = Release;
		};
/* End XCBuildConfiguration section */

/* Begin XCConfigurationList section */
		87382CEF209DD81B00507DED /* Build configuration list for PBXProject "TestAppForIntech" */ = {
			isa = XCConfigurationList;
			buildConfigurations = (
				87382D08209DD81B00507DED /* Debug */,
				87382D09209DD81B00507DED /* Release */,
			);
			defaultConfigurationIsVisible = 0;
			defaultConfigurationName = Release;
		};
		87382D0A209DD81B00507DED /* Build configuration list for PBXNativeTarget "TestAppForIntech" */ = {
			isa = XCConfigurationList;
			buildConfigurations = (
				87382D0B209DD81B00507DED /* Debug */,
				87382D0C209DD81B00507DED /* Release */,
			);
			defaultConfigurationIsVisible = 0;
			defaultConfigurationName = Release;
		};
/* End XCConfigurationList section */
	};
	rootObject = 87382CEC209DD81B00507DED /* Project object */;
}
